
Microsoft Visual Studio Solution File, Format Version 12.00
# Visual Studio Version 17
VisualStudioVersion = 17.0.31710.8
MinimumVisualStudioVersion = 10.0.40219.1
Project("{9A19103F-16F7-4668-BE54-9A1E7A4F7556}") = "Tt", "Tt\Tt.csproj", "{B2166CF1-22B2-4573-9363-4C3A1DEBD55E}"
EndProject
Project("{9A19103F-16F7-4668-BE54-9A1E7A4F7556}") = "TTQ", "TTQ\TTQ.csproj", "{A422E3FA-9738-44B1-9C99-6F6121820DE7}"
EndProject
Project("{9A19103F-16F7-4668-BE54-9A1E7A4F7556}") = "TTQ.Manager", "TTQ.Manager\TTQ.Manager.csproj", "{224AE4FB-C7EC-492C-803D-CD9C04D1ACC2}"
EndProject
Project("{9A19103F-16F7-4668-BE54-9A1E7A4F7556}") = "TTQ.Load", "TTQ.Load\TTQ.Load.csproj", "{896F8A4D-3463-4174-8575-7690DD4330C6}"
EndProject
Project("{FAE04EC0-301F-11D3-BF4B-00C04F79EFBC}") = "TTQ.Batch", "TTQ.Batch\TTQ.Batch.csproj", "{A20149A0-2004-43F9-85C1-5AC609AEE1B6}"
EndProject
Global
	GlobalSection(SolutionConfigurationPlatforms) = preSolution
		Debug|Any CPU = Debug|Any CPU
		Release|Any CPU = Release|Any CPU
	EndGlobalSection
	GlobalSection(ProjectConfigurationPlatforms) = postSolution
		{B2166CF1-22B2-4573-9363-4C3A1DEBD55E}.Debug|Any CPU.ActiveCfg = Debug|Any CPU
		{B2166CF1-22B2-4573-9363-4C3A1DEBD55E}.Debug|Any CPU.Build.0 = Debug|Any CPU
		{B2166CF1-22B2-4573-9363-4C3A1DEBD55E}.Release|Any CPU.ActiveCfg = Release|Any CPU
		{B2166CF1-22B2-4573-9363-4C3A1DEBD55E}.Release|Any CPU.Build.0 = Release|Any CPU
		{A422E3FA-9738-44B1-9C99-6F6121820DE7}.Debug|Any CPU.ActiveCfg = Debug|Any CPU
		{A422E3FA-9738-44B1-9C99-6F6121820DE7}.Debug|Any CPU.Build.0 = Debug|Any CPU
		{A422E3FA-9738-44B1-9C99-6F6121820DE7}.Release|Any CPU.ActiveCfg = Release|Any CPU
		{A422E3FA-9738-44B1-9C99-6F6121820DE7}.Release|Any CPU.Build.0 = Release|Any CPU
		{224AE4FB-C7EC-492C-803D-CD9C04D1ACC2}.Debug|Any CPU.ActiveCfg = Debug|Any CPU
		{224AE4FB-C7EC-492C-803D-CD9C04D1ACC2}.Debug|Any CPU.Build.0 = Debug|Any CPU
		{224AE4FB-C7EC-492C-803D-CD9C04D1ACC2}.Release|Any CPU.ActiveCfg = Release|Any CPU
		{224AE4FB-C7EC-492C-803D-CD9C04D1ACC2}.Release|Any CPU.Build.0 = Release|Any CPU
		{896F8A4D-3463-4174-8575-7690DD4330C6}.Debug|Any CPU.ActiveCfg = Debug|Any CPU
		{896F8A4D-3463-4174-8575-7690DD4330C6}.Debug|Any CPU.Build.0 = Debug|Any CPU
		{896F8A4D-3463-4174-8575-7690DD4330C6}.Release|Any CPU.ActiveCfg = Release|Any CPU
		{896F8A4D-3463-4174-8575-7690DD4330C6}.Release|Any CPU.Build.0 = Release|Any CPU
		{A20149A0-2004-43F9-85C1-5AC609AEE1B6}.Debug|Any CPU.ActiveCfg = Debug|Any CPU
		{A20149A0-2004-43F9-85C1-5AC609AEE1B6}.Debug|Any CPU.Build.0 = Debug|Any CPU
		{A20149A0-2004-43F9-85C1-5AC609AEE1B6}.Release|Any CPU.ActiveCfg = Release|Any CPU
		{A20149A0-2004-43F9-85C1-5AC609AEE1B6}.Release|Any CPU.Build.0 = Release|Any CPU
	EndGlobalSection
	GlobalSection(SolutionProperties) = preSolution
		HideSolutionNode = FALSE
	EndGlobalSection
	GlobalSection(ExtensibilityGlobals) = postSolution
		SolutionGuid = {358BBB31-1CD4-42DB-8A4D-66A89F570394}
	EndGlobalSection
EndGlobal
